
Microsoft Visual Studio Solution File, Format Version 12.00
# Visual Studio Version 17
VisualStudioVersion = 17.6.33723.286
MinimumVisualStudioVersion = 10.0.40219.1
Project("{FAE04EC0-301F-11D3-BF4B-00C04F79EFBC}") = "ToDoServer", "ToDoServer\ToDoServer.csproj", "{3B128EB1-8F3A-4448-B613-79A463D3E1B3}"
EndProject
Global
	GlobalSection(SolutionConfigurationPlatforms) = preSolution
		Debug|Any CPU = Debug|Any CPU
		Release|Any CPU = Release|Any CPU
	EndGlobalSection
	GlobalSection(ProjectConfigurationPlatforms) = postSolution
		{3B128EB1-8F3A-4448-B613-79A463D3E1B3}.Debug|Any CPU.ActiveCfg = Debug|Any CPU
		{3B128EB1-8F3A-4448-B613-79A463D3E1B3}.Debug|Any CPU.Build.0 = Debug|Any CPU
		{3B128EB1-8F3A-4448-B613-79A463D3E1B3}.Release|Any CPU.ActiveCfg = Release|Any CPU
		{3B128EB1-8F3A-4448-B613-79A463D3E1B3}.Release|Any CPU.Build.0 = Release|Any CPU
	EndGlobalSection
	GlobalSection(SolutionProperties) = preSolution
		HideSolutionNode = FALSE
	EndGlobalSection
	GlobalSection(ExtensibilityGlobals) = postSolution
		SolutionGuid = {BA09DB48-3F89-4738-8D62-6714C80A00DF}
	EndGlobalSection
EndGlobal
